
Microsoft Visual Studio Solution File, Format Version 12.00
# Visual Studio Version 16
VisualStudioVersion = 16.0.30621.155
MinimumVisualStudioVersion = 10.0.40219.1
Project("{FAE04EC0-301F-11D3-BF4B-00C04F79EFBC}") = "Homework_4", "Homework_4\Homework_4.csproj", "{AE3A884A-2B02-4CAF-A4F9-EC724511BD82}"
EndProject
Project("{FAE04EC0-301F-11D3-BF4B-00C04F79EFBC}") = "Services", "Services\Services.csproj", "{78C82435-EE29-4379-BDB3-2ECD166920C5}"
EndProject
Global
	GlobalSection(SolutionConfigurationPlatforms) = preSolution
		Debug|Any CPU = Debug|Any CPU
		Release|Any CPU = Release|Any CPU
	EndGlobalSection
	GlobalSection(ProjectConfigurationPlatforms) = postSolution
		{AE3A884A-2B02-4CAF-A4F9-EC724511BD82}.Debug|Any CPU.ActiveCfg = Debug|Any CPU
		{AE3A884A-2B02-4CAF-A4F9-EC724511BD82}.Debug|Any CPU.Build.0 = Debug|Any CPU
		{AE3A884A-2B02-4CAF-A4F9-EC724511BD82}.Release|Any CPU.ActiveCfg = Release|Any CPU
		{AE3A884A-2B02-4CAF-A4F9-EC724511BD82}.Release|Any CPU.Build.0 = Release|Any CPU
		{78C82435-EE29-4379-BDB3-2ECD166920C5}.Debug|Any CPU.ActiveCfg = Debug|Any CPU
		{78C82435-EE29-4379-BDB3-2ECD166920C5}.Debug|Any CPU.Build.0 = Debug|Any CPU
		{78C82435-EE29-4379-BDB3-2ECD166920C5}.Release|Any CPU.ActiveCfg = Release|Any CPU
		{78C82435-EE29-4379-BDB3-2ECD166920C5}.Release|Any CPU.Build.0 = Release|Any CPU
	EndGlobalSection
	GlobalSection(SolutionProperties) = preSolution
		HideSolutionNode = FALSE
	EndGlobalSection
	GlobalSection(ExtensibilityGlobals) = postSolution
		SolutionGuid = {38806C7A-65B8-446E-A3CC-F47F12DBC861}
	EndGlobalSection
EndGlobal
